
Microsoft Visual Studio Solution File, Format Version 12.00
# Visual Studio 14
VisualStudioVersion = 14.0.23107.0
MinimumVisualStudioVersion = 10.0.40219.1
Project("{F2A71F9B-5D33-465A-A702-920D77279786}") = "prob51", "prob51\prob51.fsproj", "{8406FC81-EC29-4138-A0C0-8E4BDBBD65CB}"
EndProject
Global
	GlobalSection(SolutionConfigurationPlatforms) = preSolution
		Debug|Any CPU = Debug|Any CPU
		Release|Any CPU = Release|Any CPU
	EndGlobalSection
	GlobalSection(ProjectConfigurationPlatforms) = postSolution
		{8406FC81-EC29-4138-A0C0-8E4BDBBD65CB}.Debug|Any CPU.ActiveCfg = Debug|Any CPU
		{8406FC81-EC29-4138-A0C0-8E4BDBBD65CB}.Debug|Any CPU.Build.0 = Debug|Any CPU
		{8406FC81-EC29-4138-A0C0-8E4BDBBD65CB}.Release|Any CPU.ActiveCfg = Release|Any CPU
		{8406FC81-EC29-4138-A0C0-8E4BDBBD65CB}.Release|Any CPU.Build.0 = Release|Any CPU
	EndGlobalSection
	GlobalSection(SolutionProperties) = preSolution
		HideSolutionNode = FALSE
	EndGlobalSection
EndGlobal
