
Microsoft Visual Studio Solution File, Format Version 12.00
# Visual Studio 14
VisualStudioVersion = 14.0.23107.0
MinimumVisualStudioVersion = 10.0.40219.1
Project("{F2A71F9B-5D33-465A-A702-920D77279786}") = "prob47", "prob47\prob47.fsproj", "{AB6D57B2-82D7-4494-83EC-13045706872F}"
EndProject
Global
	GlobalSection(Performance) = preSolution
		HasPerformanceSessions = true
	EndGlobalSection
	GlobalSection(SolutionConfigurationPlatforms) = preSolution
		Debug|Any CPU = Debug|Any CPU
		Release|Any CPU = Release|Any CPU
	EndGlobalSection
	GlobalSection(ProjectConfigurationPlatforms) = postSolution
		{AB6D57B2-82D7-4494-83EC-13045706872F}.Debug|Any CPU.ActiveCfg = Debug|Any CPU
		{AB6D57B2-82D7-4494-83EC-13045706872F}.Debug|Any CPU.Build.0 = Debug|Any CPU
		{AB6D57B2-82D7-4494-83EC-13045706872F}.Release|Any CPU.ActiveCfg = Release|Any CPU
		{AB6D57B2-82D7-4494-83EC-13045706872F}.Release|Any CPU.Build.0 = Release|Any CPU
	EndGlobalSection
	GlobalSection(SolutionProperties) = preSolution
		HideSolutionNode = FALSE
	EndGlobalSection
EndGlobal
