
Microsoft Visual Studio Solution File, Format Version 12.00
# Visual Studio 2012
Project("{F2A71F9B-5D33-465A-A702-920D77279786}") = "prob26", "prob26.fsproj", "{3D5B1BDF-B9BC-466D-88A7-F15FE65FE65B}"
EndProject
Global
	GlobalSection(SolutionConfigurationPlatforms) = preSolution
		Debug|Any CPU = Debug|Any CPU
		Release|Any CPU = Release|Any CPU
	EndGlobalSection
	GlobalSection(ProjectConfigurationPlatforms) = postSolution
		{3D5B1BDF-B9BC-466D-88A7-F15FE65FE65B}.Debug|Any CPU.ActiveCfg = Debug|Any CPU
		{3D5B1BDF-B9BC-466D-88A7-F15FE65FE65B}.Debug|Any CPU.Build.0 = Debug|Any CPU
		{3D5B1BDF-B9BC-466D-88A7-F15FE65FE65B}.Release|Any CPU.ActiveCfg = Release|Any CPU
		{3D5B1BDF-B9BC-466D-88A7-F15FE65FE65B}.Release|Any CPU.Build.0 = Release|Any CPU
	EndGlobalSection
	GlobalSection(SolutionProperties) = preSolution
		HideSolutionNode = FALSE
	EndGlobalSection
EndGlobal
