
Microsoft Visual Studio Solution File, Format Version 12.00
# Visual Studio 2013
VisualStudioVersion = 12.0.31101.0
MinimumVisualStudioVersion = 10.0.40219.1
Project("{F2A71F9B-5D33-465A-A702-920D77279786}") = "prob36", "prob36.fsproj", "{6964DD75-A119-406C-9EB7-391353EB256F}"
EndProject
Global
	GlobalSection(SolutionConfigurationPlatforms) = preSolution
		Debug|Any CPU = Debug|Any CPU
		Release|Any CPU = Release|Any CPU
	EndGlobalSection
	GlobalSection(ProjectConfigurationPlatforms) = postSolution
		{6964DD75-A119-406C-9EB7-391353EB256F}.Debug|Any CPU.ActiveCfg = Debug|Any CPU
		{6964DD75-A119-406C-9EB7-391353EB256F}.Debug|Any CPU.Build.0 = Debug|Any CPU
		{6964DD75-A119-406C-9EB7-391353EB256F}.Release|Any CPU.ActiveCfg = Release|Any CPU
		{6964DD75-A119-406C-9EB7-391353EB256F}.Release|Any CPU.Build.0 = Release|Any CPU
	EndGlobalSection
	GlobalSection(SolutionProperties) = preSolution
		HideSolutionNode = FALSE
	EndGlobalSection
EndGlobal
