
Microsoft Visual Studio Solution File, Format Version 12.00
# Visual Studio 2012
Project("{f2a71f9b-5d33-465a-a702-920d77279786}") = "prob19", "prob19.fsproj", "{AF56259F-422D-4B02-B323-10BC16B86EEA}"
EndProject
Global
	GlobalSection(SolutionConfigurationPlatforms) = preSolution
		Debug|x86 = Debug|x86
		Release|x86 = Release|x86
	EndGlobalSection
	GlobalSection(ProjectConfigurationPlatforms) = postSolution
		{AF56259F-422D-4B02-B323-10BC16B86EEA}.Debug|x86.ActiveCfg = Debug|x86
		{AF56259F-422D-4B02-B323-10BC16B86EEA}.Debug|x86.Build.0 = Debug|x86
		{AF56259F-422D-4B02-B323-10BC16B86EEA}.Release|x86.ActiveCfg = Release|x86
		{AF56259F-422D-4B02-B323-10BC16B86EEA}.Release|x86.Build.0 = Release|x86
	EndGlobalSection
EndGlobal
